
Microsoft Visual Studio Solution File, Format Version 12.00
# Visual Studio Version 16
VisualStudioVersion = 16.0.30907.101
MinimumVisualStudioVersion = 10.0.40219.1
Project("{FAE04EC0-301F-11D3-BF4B-00C04F79EFBC}") = "CalculatorDemo", "CalculatorDemo\CalculatorDemo.csproj", "{761BB033-9E83-4770-B50F-DD3054A3EF39}"
EndProject
Global
	GlobalSection(SolutionConfigurationPlatforms) = preSolution
		Debug|Any CPU = Debug|Any CPU
		Release|Any CPU = Release|Any CPU
	EndGlobalSection
	GlobalSection(ProjectConfigurationPlatforms) = postSolution
		{761BB033-9E83-4770-B50F-DD3054A3EF39}.Debug|Any CPU.ActiveCfg = Debug|Any CPU
		{761BB033-9E83-4770-B50F-DD3054A3EF39}.Debug|Any CPU.Build.0 = Debug|Any CPU
		{761BB033-9E83-4770-B50F-DD3054A3EF39}.Release|Any CPU.ActiveCfg = Release|Any CPU
		{761BB033-9E83-4770-B50F-DD3054A3EF39}.Release|Any CPU.Build.0 = Release|Any CPU
	EndGlobalSection
	GlobalSection(SolutionProperties) = preSolution
		HideSolutionNode = FALSE
	EndGlobalSection
	GlobalSection(ExtensibilityGlobals) = postSolution
		SolutionGuid = {B0D76987-985B-45E2-83F2-F53D1EADD274}
	EndGlobalSection
EndGlobal
